
Microsoft Visual Studio Solution File, Format Version 12.00
# Visual Studio Version 16
VisualStudioVersion = 16.0.30523.141
MinimumVisualStudioVersion = 10.0.40219.1
Project("{FAE04EC0-301F-11D3-BF4B-00C04F79EFBC}") = "PiramidSlideDown", "PiramidSlideDown\PiramidSlideDown.csproj", "{05FE91C1-43DC-4473-9208-4FC8819A34FB}"
EndProject
Global
	GlobalSection(SolutionConfigurationPlatforms) = preSolution
		Debug|Any CPU = Debug|Any CPU
		Release|Any CPU = Release|Any CPU
	EndGlobalSection
	GlobalSection(ProjectConfigurationPlatforms) = postSolution
		{05FE91C1-43DC-4473-9208-4FC8819A34FB}.Debug|Any CPU.ActiveCfg = Debug|Any CPU
		{05FE91C1-43DC-4473-9208-4FC8819A34FB}.Debug|Any CPU.Build.0 = Debug|Any CPU
		{05FE91C1-43DC-4473-9208-4FC8819A34FB}.Release|Any CPU.ActiveCfg = Release|Any CPU
		{05FE91C1-43DC-4473-9208-4FC8819A34FB}.Release|Any CPU.Build.0 = Release|Any CPU
	EndGlobalSection
	GlobalSection(SolutionProperties) = preSolution
		HideSolutionNode = FALSE
	EndGlobalSection
	GlobalSection(ExtensibilityGlobals) = postSolution
		SolutionGuid = {94FFE1E7-1B23-4A63-A481-CB6F18C8C0F5}
	EndGlobalSection
EndGlobal
